
Microsoft Visual Studio Solution File, Format Version 12.00
Project("{FAE04EC0-301F-11D3-BF4B-00C04F79EFBC}") = "MessageBroker", "MessageBroker\MessageBroker.csproj", "{DDBE5DB5-7A28-4B42-85D6-851EC306DA32}"
EndProject
Project("{FAE04EC0-301F-11D3-BF4B-00C04F79EFBC}") = "MessageBroker.TestServer", "MessageBroker.TestServer\MessageBroker.TestServer.csproj", "{1C2EE4FF-BB29-4F44-9F2A-968A485D89C4}"
EndProject
Project("{FAE04EC0-301F-11D3-BF4B-00C04F79EFBC}") = "MessageBroker.Client", "MessageBroker.Client\MessageBroker.Client.csproj", "{00F73252-AF4C-4527-A208-EE2AE05F462A}"
EndProject
Project("{FAE04EC0-301F-11D3-BF4B-00C04F79EFBC}") = "MessageBroker.TestClient", "MessageBroker.TestClient\MessageBroker.TestClient.csproj", "{7DEF5179-FF46-4D28-9FF8-DDC00BD06CFC}"
EndProject
Project("{FAE04EC0-301F-11D3-BF4B-00C04F79EFBC}") = "MessageBroker.Grpc", "MessageBroker.Grpc\MessageBroker.Grpc.csproj", "{7F66D135-47D6-445D-A529-0F66A18A5BFD}"
EndProject
Global
	GlobalSection(SolutionConfigurationPlatforms) = preSolution
		Debug|Any CPU = Debug|Any CPU
		Release|Any CPU = Release|Any CPU
	EndGlobalSection
	GlobalSection(ProjectConfigurationPlatforms) = postSolution
		{DDBE5DB5-7A28-4B42-85D6-851EC306DA32}.Debug|Any CPU.ActiveCfg = Debug|Any CPU
		{DDBE5DB5-7A28-4B42-85D6-851EC306DA32}.Debug|Any CPU.Build.0 = Debug|Any CPU
		{DDBE5DB5-7A28-4B42-85D6-851EC306DA32}.Release|Any CPU.ActiveCfg = Release|Any CPU
		{DDBE5DB5-7A28-4B42-85D6-851EC306DA32}.Release|Any CPU.Build.0 = Release|Any CPU
		{1C2EE4FF-BB29-4F44-9F2A-968A485D89C4}.Debug|Any CPU.ActiveCfg = Debug|Any CPU
		{1C2EE4FF-BB29-4F44-9F2A-968A485D89C4}.Debug|Any CPU.Build.0 = Debug|Any CPU
		{1C2EE4FF-BB29-4F44-9F2A-968A485D89C4}.Release|Any CPU.ActiveCfg = Release|Any CPU
		{1C2EE4FF-BB29-4F44-9F2A-968A485D89C4}.Release|Any CPU.Build.0 = Release|Any CPU
		{00F73252-AF4C-4527-A208-EE2AE05F462A}.Debug|Any CPU.ActiveCfg = Debug|Any CPU
		{00F73252-AF4C-4527-A208-EE2AE05F462A}.Debug|Any CPU.Build.0 = Debug|Any CPU
		{00F73252-AF4C-4527-A208-EE2AE05F462A}.Release|Any CPU.ActiveCfg = Release|Any CPU
		{00F73252-AF4C-4527-A208-EE2AE05F462A}.Release|Any CPU.Build.0 = Release|Any CPU
		{7DEF5179-FF46-4D28-9FF8-DDC00BD06CFC}.Debug|Any CPU.ActiveCfg = Debug|Any CPU
		{7DEF5179-FF46-4D28-9FF8-DDC00BD06CFC}.Debug|Any CPU.Build.0 = Debug|Any CPU
		{7DEF5179-FF46-4D28-9FF8-DDC00BD06CFC}.Release|Any CPU.ActiveCfg = Release|Any CPU
		{7DEF5179-FF46-4D28-9FF8-DDC00BD06CFC}.Release|Any CPU.Build.0 = Release|Any CPU
		{7F66D135-47D6-445D-A529-0F66A18A5BFD}.Debug|Any CPU.ActiveCfg = Debug|Any CPU
		{7F66D135-47D6-445D-A529-0F66A18A5BFD}.Debug|Any CPU.Build.0 = Debug|Any CPU
		{7F66D135-47D6-445D-A529-0F66A18A5BFD}.Release|Any CPU.ActiveCfg = Release|Any CPU
		{7F66D135-47D6-445D-A529-0F66A18A5BFD}.Release|Any CPU.Build.0 = Release|Any CPU
	EndGlobalSection
EndGlobal
